<?xml version="1.0" encoding="utf-8"?>
<Project ToolsVersion="17.0" xmlns="http://schemas.microsoft.com/developer/msbuild/2003">
  <ItemGroup>
    <CustomBuild Include="C:\Users\msi-pc\source\repos\project\CMakeFiles\a9ccb4444d81844e945204c3069bf2f9\generate.stamp.rule">
      <Filter>CMake Rules</Filter>
    </CustomBuild>
  </ItemGroup>
  <ItemGroup>
    <Filter Include="CMake Rules">
      <UniqueIdentifier>{96C6345D-E601-31C1-87F0-24198CE3EE1F}</UniqueIdentifier>
    </Filter>
  </ItemGroup>
</Project>
